
Microsoft Visual Studio Solution File, Format Version 12.00
# Visual Studio Version 16
VisualStudioVersion = 16.0.30413.136
MinimumVisualStudioVersion = 10.0.40219.1
Project("{FAE04EC0-301F-11D3-BF4B-00C04F79EFBC}") = "OneInc_test", "OneInc_test\OneInc_test.csproj", "{CCC64F24-1CF5-4913-BC38-FECA29D488F3}"
EndProject
Global
	GlobalSection(SolutionConfigurationPlatforms) = preSolution
		Debug|Any CPU = Debug|Any CPU
		Release|Any CPU = Release|Any CPU
	EndGlobalSection
	GlobalSection(ProjectConfigurationPlatforms) = postSolution
		{CCC64F24-1CF5-4913-BC38-FECA29D488F3}.Debug|Any CPU.ActiveCfg = Debug|Any CPU
		{CCC64F24-1CF5-4913-BC38-FECA29D488F3}.Debug|Any CPU.Build.0 = Debug|Any CPU
		{CCC64F24-1CF5-4913-BC38-FECA29D488F3}.Release|Any CPU.ActiveCfg = Release|Any CPU
		{CCC64F24-1CF5-4913-BC38-FECA29D488F3}.Release|Any CPU.Build.0 = Release|Any CPU
	EndGlobalSection
	GlobalSection(SolutionProperties) = preSolution
		HideSolutionNode = FALSE
	EndGlobalSection
	GlobalSection(ExtensibilityGlobals) = postSolution
		SolutionGuid = {ED13F879-33DA-460A-B0ED-A09C58268FAF}
	EndGlobalSection
EndGlobal
